<?xml version="1.0" encoding="utf-8"?>
<Project ToolsVersion="4.0" xmlns="http://schemas.microsoft.com/developer/msbuild/2003">
  <ItemGroup>
    <Filter Include="Quelldateien">
      <UniqueIdentifier>{4FC737F1-C7A5-4376-A066-2A32D752A2FF}</UniqueIdentifier>
      <Extensions>cpp;c;cc;cxx;def;odl;idl;hpj;bat;asm;asmx</Extensions>
    </Filter>
    <Filter Include="Headerdateien">
      <UniqueIdentifier>{93995380-89BD-4b04-88EB-625FBE52EBFB}</UniqueIdentifier>
      <Extensions>h;hh;hpp;hxx;hm;inl;inc;xsd</Extensions>
    </Filter>
    <Filter Include="Ressourcendateien">
      <UniqueIdentifier>{67DA6AB6-F800-4c08-8B7A-83BB121AAD01}</UniqueIdentifier>
      <Extensions>rc;ico;cur;bmp;dlg;rc2;rct;bin;rgs;gif;jpg;jpeg;jpe;resx;tiff;tif;png;wav;mfcribbon-ms</Extensions>
    </Filter>
    <Filter Include="Quelldateien\Scenes">
      <UniqueIdentifier>{3070d823-a28c-4bb6-8f96-7344464be172}</UniqueIdentifier>
    </Filter>
    <Filter Include="Headerdateien\Scenes">
      <UniqueIdentifier>{c12507cc-7fc7-4b14-808a-3fa08f453212}</UniqueIdentifier>
    </Filter>
    <Filter Include="Quelldateien\Camera">
      <UniqueIdentifier>{95b247b2-6821-47ec-a4e7-e301dd1518e9}</UniqueIdentifier>
    </Filter>
    <Filter Include="Headerdateien\Camera">
      <UniqueIdentifier>{7dc95b62-6eae-46bd-a7fd-a10b170a9e9c}</UniqueIdentifier>
    </Filter>
    <Filter Include="Quelldateien\Brick">
      <UniqueIdentifier>{b0217b2c-c0c6-4333-b46e-88b46a0b5f3d}</UniqueIdentifier>
    </Filter>
    <Filter Include="Headerdateien\Brick">
      <UniqueIdentifier>{69c625ce-928d-4c27-9345-2dba154e59af}</UniqueIdentifier>
    </Filter>
    <Filter Include="Headerdateien\Editor">
      <UniqueIdentifier>{bbbaea65-e863-439c-b31e-8bf49fdf3f2c}</UniqueIdentifier>
    </Filter>
    <Filter Include="Quelldateien\Editor">
      <UniqueIdentifier>{670c7989-75d1-4193-a2ea-271af48eb75f}</UniqueIdentifier>
    </Filter>
  </ItemGroup>
  <ItemGroup>
    <ClInclude Include="include\EditorScene.h">
      <Filter>Headerdateien\Scenes</Filter>
    </ClInclude>
    <ClInclude Include="include\GameScene.h">
      <Filter>Headerdateien\Scenes</Filter>
    </ClInclude>
    <ClInclude Include="include\MainScene.h">
      <Filter>Headerdateien\Scenes</Filter>
    </ClInclude>
    <ClInclude Include="include\EditorCamera.h">
      <Filter>Headerdateien\Camera</Filter>
    </ClInclude>
    <ClInclude Include="include\GameCamera.h">
      <Filter>Headerdateien\Camera</Filter>
    </ClInclude>
    <ClInclude Include="include\Brick.h">
      <Filter>Headerdateien\Brick</Filter>
    </ClInclude>
    <ClInclude Include="include\BrickCategory.h">
      <Filter>Headerdateien\Brick</Filter>
    </ClInclude>
    <ClInclude Include="include\BrickWorker.h">
      <Filter>Headerdateien\Editor</Filter>
    </ClInclude>
    <ClInclude Include="include\BrickInstance.h">
      <Filter>Headerdateien\Brick</Filter>
    </ClInclude>
    <ClInclude Include="include\BrickManager.h">
      <Filter>Headerdateien\Brick</Filter>
    </ClInclude>
  </ItemGroup>
  <ItemGroup>
    <ClCompile Include="Main.cpp">
      <Filter>Quelldateien</Filter>
    </ClCompile>
    <ClCompile Include="EditorScene.cpp">
      <Filter>Quelldateien\Scenes</Filter>
    </ClCompile>
    <ClCompile Include="GameScene.cpp">
      <Filter>Quelldateien\Scenes</Filter>
    </ClCompile>
    <ClCompile Include="MainScene.cpp">
      <Filter>Quelldateien\Scenes</Filter>
    </ClCompile>
    <ClCompile Include="EditorCamera.cpp">
      <Filter>Quelldateien\Camera</Filter>
    </ClCompile>
    <ClCompile Include="GameCamera.cpp">
      <Filter>Quelldateien\Camera</Filter>
    </ClCompile>
    <ClCompile Include="Brick.cpp">
      <Filter>Quelldateien\Brick</Filter>
    </ClCompile>
    <ClCompile Include="BrickCategory.cpp">
      <Filter>Quelldateien\Brick</Filter>
    </ClCompile>
    <ClCompile Include="BrickWorker.cpp">
      <Filter>Quelldateien\Editor</Filter>
    </ClCompile>
    <ClCompile Include="BrickInstance.cpp">
      <Filter>Quelldateien\Brick</Filter>
    </ClCompile>
    <ClCompile Include="BrickManager.cpp">
      <Filter>Quelldateien\Brick</Filter>
    </ClCompile>
  </ItemGroup>
</Project>