<?xml version="1.0" encoding="utf-8"?>
<Project ToolsVersion="4.0" xmlns="http://schemas.microsoft.com/developer/msbuild/2003">
  <ItemGroup>
    <Filter Include="Quelldateien">
      <UniqueIdentifier>{4FC737F1-C7A5-4376-A066-2A32D752A2FF}</UniqueIdentifier>
      <Extensions>cpp;c;cc;cxx;def;odl;idl;hpj;bat;asm;asmx</Extensions>
    </Filter>
    <Filter Include="Quelldateien\Scenes">
      <UniqueIdentifier>{3070d823-a28c-4bb6-8f96-7344464be172}</UniqueIdentifier>
    </Filter>
    <Filter Include="Quelldateien\Editor">
      <UniqueIdentifier>{670c7989-75d1-4193-a2ea-271af48eb75f}</UniqueIdentifier>
    </Filter>
    <Filter Include="Quelldateien\Game">
      <UniqueIdentifier>{043a9645-0c32-438d-9f7a-2c9bbc1edcb3}</UniqueIdentifier>
    </Filter>
  </ItemGroup>
  <ItemGroup>
    <ClInclude Include="include\EditorScene.h">
      <Filter>Quelldateien\Scenes</Filter>
    </ClInclude>
    <ClInclude Include="include\GameScene.h">
      <Filter>Quelldateien\Scenes</Filter>
    </ClInclude>
    <ClInclude Include="include\MainScene.h">
      <Filter>Quelldateien\Scenes</Filter>
    </ClInclude>
    <ClInclude Include="include\GameCamera.h">
      <Filter>Quelldateien\Game</Filter>
    </ClInclude>
    <ClInclude Include="include\Minimap.h">
      <Filter>Quelldateien\Game</Filter>
    </ClInclude>
    <ClInclude Include="include\NetworkHandler.h">
      <Filter>Quelldateien\Game</Filter>
    </ClInclude>
    <ClInclude Include="include\Navigation.h">
      <Filter>Quelldateien</Filter>
    </ClInclude>
    <ClInclude Include="include\Space.h">
      <Filter>Quelldateien</Filter>
    </ClInclude>
    <ClInclude Include="include\Editor_Assistant.h">
      <Filter>Quelldateien\Editor</Filter>
    </ClInclude>
    <ClInclude Include="include\Editor_History.h">
      <Filter>Quelldateien\Editor</Filter>
    </ClInclude>
    <ClInclude Include="include\Editor_Worker.h">
      <Filter>Quelldateien\Editor</Filter>
    </ClInclude>
    <ClInclude Include="include\Editor_ShipWorker.h">
      <Filter>Quelldateien\Editor</Filter>
    </ClInclude>
    <ClInclude Include="include\Editor_Camera.h">
      <Filter>Quelldateien\Editor</Filter>
    </ClInclude>
    <ClInclude Include="include\Editor_BrickSupervisor.h">
      <Filter>Quelldateien\Editor</Filter>
    </ClInclude>
    <ClInclude Include="include\Editor_BrickCategory.h">
      <Filter>Quelldateien\Editor</Filter>
    </ClInclude>
    <ClInclude Include="include\INIReader.h">
      <Filter>Quelldateien</Filter>
    </ClInclude>
  </ItemGroup>
  <ItemGroup>
    <ClCompile Include="Main.cpp">
      <Filter>Quelldateien</Filter>
    </ClCompile>
    <ClCompile Include="EditorScene.cpp">
      <Filter>Quelldateien\Scenes</Filter>
    </ClCompile>
    <ClCompile Include="GameScene.cpp">
      <Filter>Quelldateien\Scenes</Filter>
    </ClCompile>
    <ClCompile Include="MainScene.cpp">
      <Filter>Quelldateien\Scenes</Filter>
    </ClCompile>
    <ClCompile Include="Navigation.cpp">
      <Filter>Quelldateien</Filter>
    </ClCompile>
    <ClCompile Include="Minimap.cpp">
      <Filter>Quelldateien\Game</Filter>
    </ClCompile>
    <ClCompile Include="NetworkHandler.cpp">
      <Filter>Quelldateien\Game</Filter>
    </ClCompile>
    <ClCompile Include="GameCamera.cpp">
      <Filter>Quelldateien\Game</Filter>
    </ClCompile>
    <ClCompile Include="Space.cpp">
      <Filter>Quelldateien</Filter>
    </ClCompile>
    <ClCompile Include="Editor_Assistant.cpp">
      <Filter>Quelldateien\Editor</Filter>
    </ClCompile>
    <ClCompile Include="Editor_History.cpp">
      <Filter>Quelldateien\Editor</Filter>
    </ClCompile>
    <ClCompile Include="Editor_Worker.cpp">
      <Filter>Quelldateien\Editor</Filter>
    </ClCompile>
    <ClCompile Include="Editor_ShipWorker.cpp">
      <Filter>Quelldateien\Editor</Filter>
    </ClCompile>
    <ClCompile Include="Editor_Camera.cpp">
      <Filter>Quelldateien\Editor</Filter>
    </ClCompile>
    <ClCompile Include="Editor_BrickSupervisor.cpp">
      <Filter>Quelldateien\Editor</Filter>
    </ClCompile>
    <ClCompile Include="Editor_BrickCategory.cpp">
      <Filter>Quelldateien\Editor</Filter>
    </ClCompile>
    <ClCompile Include="INIReader.cpp">
      <Filter>Quelldateien</Filter>
    </ClCompile>
  </ItemGroup>
</Project>