
Microsoft Visual Studio Solution File, Format Version 12.00
# Visual Studio 2013
VisualStudioVersion = 12.0.30723.0
MinimumVisualStudioVersion = 10.0.40219.1
Project("{8BC9CEB8-8B4A-11D0-8D11-00A0C91BC942}") = "SpaceBrickArena", "SpaceBrickArena\SpaceBrickArena.vcxproj", "{E7022DAA-79CA-4520-B2EB-924BD9F04A73}"
	ProjectSection(ProjectDependencies) = postProject
		{3D9A1853-4054-47CE-BD66-E87ACDCAE872} = {3D9A1853-4054-47CE-BD66-E87ACDCAE872}
		{CC4152D0-75FE-4307-B61B-ABFE8792B378} = {CC4152D0-75FE-4307-B61B-ABFE8792B378}
	EndProjectSection
EndProject
Project("{8BC9CEB8-8B4A-11D0-8D11-00A0C91BC942}") = "TheBrick", "TheBrick\TheBrick.vcxproj", "{CC4152D0-75FE-4307-B61B-ABFE8792B378}"
	ProjectSection(ProjectDependencies) = postProject
		{3D9A1853-4054-47CE-BD66-E87ACDCAE872} = {3D9A1853-4054-47CE-BD66-E87ACDCAE872}
	EndProjectSection
EndProject
Project("{8BC9CEB8-8B4A-11D0-8D11-00A0C91BC942}") = "Onager", "Onager\Onager\Onager.vcxproj", "{3D9A1853-4054-47CE-BD66-E87ACDCAE872}"
EndProject
Project("{8BC9CEB8-8B4A-11D0-8D11-00A0C91BC942}") = "ContentEditor", "ContentEditor\ContentEditor.vcxproj", "{2C666E63-9F85-4ED0-A27B-8385A869AC70}"
	ProjectSection(ProjectDependencies) = postProject
		{3D9A1853-4054-47CE-BD66-E87ACDCAE872} = {3D9A1853-4054-47CE-BD66-E87ACDCAE872}
		{CC4152D0-75FE-4307-B61B-ABFE8792B378} = {CC4152D0-75FE-4307-B61B-ABFE8792B378}
	EndProjectSection
EndProject
Project("{2150E333-8FDC-42A3-9474-1A3956D46DE8}") = "Solution Items", "Solution Items", "{9F98D18A-9D1F-4250-8443-71E516315ED0}"
	ProjectSection(SolutionItems) = preProject
		Performance1.psess = Performance1.psess
	EndProjectSection
EndProject
Global
	GlobalSection(SolutionConfigurationPlatforms) = preSolution
		Debug|Win32 = Debug|Win32
		Debug|x64 = Debug|x64
		Release|Win32 = Release|Win32
		Release|x64 = Release|x64
	EndGlobalSection
	GlobalSection(ProjectConfigurationPlatforms) = postSolution
		{E7022DAA-79CA-4520-B2EB-924BD9F04A73}.Debug|Win32.ActiveCfg = Debug|Win32
		{E7022DAA-79CA-4520-B2EB-924BD9F04A73}.Debug|Win32.Build.0 = Debug|Win32
		{E7022DAA-79CA-4520-B2EB-924BD9F04A73}.Debug|x64.ActiveCfg = Debug|x64
		{E7022DAA-79CA-4520-B2EB-924BD9F04A73}.Debug|x64.Build.0 = Debug|x64
		{E7022DAA-79CA-4520-B2EB-924BD9F04A73}.Release|Win32.ActiveCfg = Release|Win32
		{E7022DAA-79CA-4520-B2EB-924BD9F04A73}.Release|Win32.Build.0 = Release|Win32
		{E7022DAA-79CA-4520-B2EB-924BD9F04A73}.Release|x64.ActiveCfg = Release|x64
		{E7022DAA-79CA-4520-B2EB-924BD9F04A73}.Release|x64.Build.0 = Release|x64
		{CC4152D0-75FE-4307-B61B-ABFE8792B378}.Debug|Win32.ActiveCfg = Debug|Win32
		{CC4152D0-75FE-4307-B61B-ABFE8792B378}.Debug|Win32.Build.0 = Debug|Win32
		{CC4152D0-75FE-4307-B61B-ABFE8792B378}.Debug|x64.ActiveCfg = Debug|x64
		{CC4152D0-75FE-4307-B61B-ABFE8792B378}.Debug|x64.Build.0 = Debug|x64
		{CC4152D0-75FE-4307-B61B-ABFE8792B378}.Release|Win32.ActiveCfg = Release|Win32
		{CC4152D0-75FE-4307-B61B-ABFE8792B378}.Release|Win32.Build.0 = Release|Win32
		{CC4152D0-75FE-4307-B61B-ABFE8792B378}.Release|x64.ActiveCfg = Release|x64
		{CC4152D0-75FE-4307-B61B-ABFE8792B378}.Release|x64.Build.0 = Release|x64
		{3D9A1853-4054-47CE-BD66-E87ACDCAE872}.Debug|Win32.ActiveCfg = Debug|Win32
		{3D9A1853-4054-47CE-BD66-E87ACDCAE872}.Debug|Win32.Build.0 = Debug|Win32
		{3D9A1853-4054-47CE-BD66-E87ACDCAE872}.Debug|x64.ActiveCfg = Debug|Win32
		{3D9A1853-4054-47CE-BD66-E87ACDCAE872}.Release|Win32.ActiveCfg = Release|Win32
		{3D9A1853-4054-47CE-BD66-E87ACDCAE872}.Release|Win32.Build.0 = Release|Win32
		{3D9A1853-4054-47CE-BD66-E87ACDCAE872}.Release|x64.ActiveCfg = Release|Win32
		{2C666E63-9F85-4ED0-A27B-8385A869AC70}.Debug|Win32.ActiveCfg = Debug|Win32
		{2C666E63-9F85-4ED0-A27B-8385A869AC70}.Debug|Win32.Build.0 = Debug|Win32
		{2C666E63-9F85-4ED0-A27B-8385A869AC70}.Debug|x64.ActiveCfg = Debug|Win32
		{2C666E63-9F85-4ED0-A27B-8385A869AC70}.Release|Win32.ActiveCfg = Release|Win32
		{2C666E63-9F85-4ED0-A27B-8385A869AC70}.Release|Win32.Build.0 = Release|Win32
		{2C666E63-9F85-4ED0-A27B-8385A869AC70}.Release|x64.ActiveCfg = Release|Win32
	EndGlobalSection
	GlobalSection(SolutionProperties) = preSolution
		HideSolutionNode = FALSE
	EndGlobalSection
	GlobalSection(Performance) = preSolution
		HasPerformanceSessions = true
	EndGlobalSection
EndGlobal
