<?xml version="1.0" encoding="utf-8"?>
<Project ToolsVersion="4.0" xmlns="http://schemas.microsoft.com/developer/msbuild/2003">
  <ItemGroup>
    <ClCompile Include="ClientTest.cpp">
      <Filter>src</Filter>
    </ClCompile>
    <ClCompile Include="Destruction.cpp">
      <Filter>src</Filter>
    </ClCompile>
    <ClCompile Include="DestructionTest.cpp">
      <Filter>src</Filter>
    </ClCompile>
    <ClCompile Include="Entity.cpp">
      <Filter>src</Filter>
    </ClCompile>
    <ClCompile Include="HierarchieTest.cpp">
      <Filter>src</Filter>
    </ClCompile>
    <ClCompile Include="main.cpp">
      <Filter>src</Filter>
    </ClCompile>
    <ClCompile Include="Networktest.cpp">
      <Filter>src</Filter>
    </ClCompile>
    <ClCompile Include="Player.cpp">
      <Filter>src</Filter>
    </ClCompile>
    <ClCompile Include="ServerTest.cpp">
      <Filter>src</Filter>
    </ClCompile>
    <ClCompile Include="StressTest.cpp">
      <Filter>src</Filter>
    </ClCompile>
    <ClCompile Include="test.cpp">
      <Filter>src</Filter>
    </ClCompile>
  </ItemGroup>
  <ItemGroup>
    <ClInclude Include="Bomb.h">
      <Filter>src</Filter>
    </ClInclude>
    <ClInclude Include="BrickTest.h">
      <Filter>src</Filter>
    </ClInclude>
    <ClInclude Include="Bullet.h">
      <Filter>src</Filter>
    </ClInclude>
    <ClInclude Include="ClientTest.h">
      <Filter>src</Filter>
    </ClInclude>
    <ClInclude Include="ContinuosTest.h">
      <Filter>src</Filter>
    </ClInclude>
    <ClInclude Include="Destruction.h">
      <Filter>src</Filter>
    </ClInclude>
    <ClInclude Include="DestructionTest.h">
      <Filter>src</Filter>
    </ClInclude>
    <ClInclude Include="Draw.h">
      <Filter>src</Filter>
    </ClInclude>
    <ClInclude Include="Entity.h">
      <Filter>src</Filter>
    </ClInclude>
    <ClInclude Include="FilterTest.h">
      <Filter>src</Filter>
    </ClInclude>
    <ClInclude Include="forceTest.h">
      <Filter>src</Filter>
    </ClInclude>
    <ClInclude Include="HierarchieTest.h">
      <Filter>src</Filter>
    </ClInclude>
    <ClInclude Include="NetworkTest.h">
      <Filter>src</Filter>
    </ClInclude>
    <ClInclude Include="Player.h">
      <Filter>src</Filter>
    </ClInclude>
    <ClInclude Include="RayMarcherTest.h">
      <Filter>src</Filter>
    </ClInclude>
    <ClInclude Include="restitutionTest.h">
      <Filter>src</Filter>
    </ClInclude>
    <ClInclude Include="ServerTest.h">
      <Filter>src</Filter>
    </ClInclude>
    <ClInclude Include="ShapeTest.h">
      <Filter>src</Filter>
    </ClInclude>
    <ClInclude Include="StressTest.h">
      <Filter>src</Filter>
    </ClInclude>
    <ClInclude Include="test.h">
      <Filter>src</Filter>
    </ClInclude>
  </ItemGroup>
  <ItemGroup>
    <None Include="..\Debug\shader.ps">
      <Filter>resource</Filter>
    </None>
    <None Include="..\Debug\shader.vs">
      <Filter>resource</Filter>
    </None>
  </ItemGroup>
  <ItemGroup>
    <Filter Include="src">
      <UniqueIdentifier>{8bac8dcc-b059-4a04-bf52-5e39e680797c}</UniqueIdentifier>
    </Filter>
    <Filter Include="resource">
      <UniqueIdentifier>{b897c28b-b753-4503-bb21-972ba586abd1}</UniqueIdentifier>
    </Filter>
  </ItemGroup>
</Project>